PODS:
  - BaseFramework (0.0.1):
    - HexColors
  - HexColors (6.0.0)

DEPENDENCIES:
  - BaseFramework (from `../BaseFramework`)

SPEC REPOS:
  https://github.com/CocoaPods/Specs.git:
    - HexColors

EXTERNAL SOURCES:
  BaseFramework:
    :path: "../BaseFramework"

SPEC CHECKSUMS:
  BaseFramework: 795e3832fc4aa36b0ee5142568ff8913d4c0d718
  HexColors: f8c66339541a74bb08905bfe7cd4f8cc85e9e173

PODFILE CHECKSUM: 34f1ab7c8e5d0734f252315b18bba1982d415f83

COCOAPODS: 1.5.0
